PODS:
  - AppCenter (1.13.2):
    - AppCenter/Analytics (= 1.13.2)
    - AppCenter/Crashes (= 1.13.2)
  - AppCenter/Analytics (1.13.2):
    - AppCenter/Core
  - AppCenter/Core (1.13.2)
  - AppCenter/Crashes (1.13.2):
    - AppCenter/Core

DEPENDENCIES:
  - AppCenter
  - AppCenter/Analytics
  - AppCenter/Crashes

SPEC REPOS:
  https://github.com/cocoapods/specs.git:
    - AppCenter

SPEC CHECKSUMS:
  AppCenter: bce7fe1098e8e8aeb70aaae1898600534069f549

PODFILE CHECKSUM: fd0028b967d75f05f8c141904fc7e83e5a612f84

COCOAPODS: 1.7.3
